
Microsoft Visual Studio Solution File, Format Version 12.00
# Visual Studio 15
VisualStudioVersion = 15.0.28010.2041
MinimumVisualStudioVersion = 10.0.40219.1
Project("{9A19103F-16F7-4668-BE54-9A1E7A4F7556}") = "YouLearn.Domain", "YouLearn.Domain\YouLearn.Domain.csproj", "{F981E4B9-48C3-4B09-A200-739561F482CC}"
EndProject
Project("{9A19103F-16F7-4668-BE54-9A1E7A4F7556}") = "YouLearn.ConsoleApp", "YouLearn.ConsoleApp\YouLearn.ConsoleApp.csproj", "{B4663DC2-73B3-4977-8E90-E5C35291A5F8}"
EndProject
Project("{FAE04EC0-301F-11D3-BF4B-00C04F79EFBC}") = "YouLearn.Infra", "YouLearn.Infra\YouLearn.Infra.csproj", "{B20DA305-424A-440B-98B5-E90DD0035923}"
EndProject
Project("{FAE04EC0-301F-11D3-BF4B-00C04F79EFBC}") = "YouLearn.Shared", "YouLearn.Shared\YouLearn.Shared.csproj", "{59017AE3-D164-450D-A5C1-82F8A5EF7CE4}"
EndProject
Project("{FAE04EC0-301F-11D3-BF4B-00C04F79EFBC}") = "YouLearn.Api", "YouLearn.Api\YouLearn.Api.csproj", "{80FA7237-02C6-4805-995C-8558AA180AD4}"
EndProject
Global
	GlobalSection(SolutionConfigurationPlatforms) = preSolution
		Debug|Any CPU = Debug|Any CPU
		Release|Any CPU = Release|Any CPU
	EndGlobalSection
	GlobalSection(ProjectConfigurationPlatforms) = postSolution
		{F981E4B9-48C3-4B09-A200-739561F482CC}.Debug|Any CPU.ActiveCfg = Debug|Any CPU
		{F981E4B9-48C3-4B09-A200-739561F482CC}.Debug|Any CPU.Build.0 = Debug|Any CPU
		{F981E4B9-48C3-4B09-A200-739561F482CC}.Release|Any CPU.ActiveCfg = Release|Any CPU
		{F981E4B9-48C3-4B09-A200-739561F482CC}.Release|Any CPU.Build.0 = Release|Any CPU
		{B4663DC2-73B3-4977-8E90-E5C35291A5F8}.Debug|Any CPU.ActiveCfg = Debug|Any CPU
		{B4663DC2-73B3-4977-8E90-E5C35291A5F8}.Debug|Any CPU.Build.0 = Debug|Any CPU
		{B4663DC2-73B3-4977-8E90-E5C35291A5F8}.Release|Any CPU.ActiveCfg = Release|Any CPU
		{B4663DC2-73B3-4977-8E90-E5C35291A5F8}.Release|Any CPU.Build.0 = Release|Any CPU
		{B20DA305-424A-440B-98B5-E90DD0035923}.Debug|Any CPU.ActiveCfg = Debug|Any CPU
		{B20DA305-424A-440B-98B5-E90DD0035923}.Debug|Any CPU.Build.0 = Debug|Any CPU
		{B20DA305-424A-440B-98B5-E90DD0035923}.Release|Any CPU.ActiveCfg = Release|Any CPU
		{B20DA305-424A-440B-98B5-E90DD0035923}.Release|Any CPU.Build.0 = Release|Any CPU
		{59017AE3-D164-450D-A5C1-82F8A5EF7CE4}.Debug|Any CPU.ActiveCfg = Debug|Any CPU
		{59017AE3-D164-450D-A5C1-82F8A5EF7CE4}.Debug|Any CPU.Build.0 = Debug|Any CPU
		{59017AE3-D164-450D-A5C1-82F8A5EF7CE4}.Release|Any CPU.ActiveCfg = Release|Any CPU
		{59017AE3-D164-450D-A5C1-82F8A5EF7CE4}.Release|Any CPU.Build.0 = Release|Any CPU
		{80FA7237-02C6-4805-995C-8558AA180AD4}.Debug|Any CPU.ActiveCfg = Debug|Any CPU
		{80FA7237-02C6-4805-995C-8558AA180AD4}.Debug|Any CPU.Build.0 = Debug|Any CPU
		{80FA7237-02C6-4805-995C-8558AA180AD4}.Release|Any CPU.ActiveCfg = Release|Any CPU
		{80FA7237-02C6-4805-995C-8558AA180AD4}.Release|Any CPU.Build.0 = Release|Any CPU
	EndGlobalSection
	GlobalSection(SolutionProperties) = preSolution
		HideSolutionNode = FALSE
	EndGlobalSection
	GlobalSection(ExtensibilityGlobals) = postSolution
		SolutionGuid = {669C8C6D-39AC-498B-AF3A-048274F60BDA}
	EndGlobalSection
EndGlobal
